
Microsoft Visual Studio Solution File, Format Version 12.00
Project("{FAE04EC0-301F-11D3-BF4B-00C04F79EFBC}") = "FinanceManager.Domain", "FinanceManager.Domain\FinanceManager.Domain.csproj", "{C14A67DD-5148-4A6A-A083-41957EC9D7E0}"
EndProject
Project("{2150E333-8FDC-42A3-9474-1A3956D46DE8}") = "Solution Items", "Solution Items", "{D8A9738B-B44C-4EE5-B12D-5DC320DC27E2}"
	ProjectSection(SolutionItems) = preProject
		README.md = README.md
		compose.yaml = compose.yaml
		.gitignore = .gitignore
		.dockerignore = .dockerignore
	EndProjectSection
EndProject
Project("{FAE04EC0-301F-11D3-BF4B-00C04F79EFBC}") = "FinanceManager.Infrastructure", "FinanceManager.Infrastructure\FinanceManager.Infrastructure.csproj", "{EC1E0C56-0E73-41EF-BA8F-DEAEEE5BE9FF}"
EndProject
Project("{FAE04EC0-301F-11D3-BF4B-00C04F79EFBC}") = "FinanceManager.Api", "FinanceManager.Api\FinanceManager.Api.csproj", "{78B23CB1-4FE2-42D2-BFB5-A6E4EC5C9EC0}"
EndProject
Project("{FAE04EC0-301F-11D3-BF4B-00C04F79EFBC}") = "FinanceManager.Application", "FinanceManager.Application\FinanceManager.Application.csproj", "{8C740F0B-AE9C-416D-938E-8FECA62C3AA0}"
EndProject
Project("{2150E333-8FDC-42A3-9474-1A3956D46DE8}") = "Presentation", "Presentation", "{D1298300-ABA9-4044-B243-AEB165770E1C}"
EndProject
Project("{FAE04EC0-301F-11D3-BF4B-00C04F79EFBC}") = "FinanceManager.Web", "FinanceManager.Web\FinanceManager.Web.csproj", "{BE02ABA1-75D2-47C2-B847-D5D9D97D9596}"
EndProject
Project("{2150E333-8FDC-42A3-9474-1A3956D46DE8}") = "Core", "Core", "{81096B23-2C7C-4A87-BC4D-DC58249F57B0}"
EndProject
Project("{2150E333-8FDC-42A3-9474-1A3956D46DE8}") = "Infrastructure", "Infrastructure", "{350A5AA6-90C4-48FD-B629-CB5C374FB9CB}"
EndProject
Global
	GlobalSection(SolutionConfigurationPlatforms) = preSolution
		Debug|Any CPU = Debug|Any CPU
		Release|Any CPU = Release|Any CPU
	EndGlobalSection
	GlobalSection(ProjectConfigurationPlatforms) = postSolution
		{C14A67DD-5148-4A6A-A083-41957EC9D7E0}.Debug|Any CPU.ActiveCfg = Debug|Any CPU
		{C14A67DD-5148-4A6A-A083-41957EC9D7E0}.Debug|Any CPU.Build.0 = Debug|Any CPU
		{C14A67DD-5148-4A6A-A083-41957EC9D7E0}.Release|Any CPU.ActiveCfg = Release|Any CPU
		{C14A67DD-5148-4A6A-A083-41957EC9D7E0}.Release|Any CPU.Build.0 = Release|Any CPU
		{EC1E0C56-0E73-41EF-BA8F-DEAEEE5BE9FF}.Debug|Any CPU.ActiveCfg = Debug|Any CPU
		{EC1E0C56-0E73-41EF-BA8F-DEAEEE5BE9FF}.Debug|Any CPU.Build.0 = Debug|Any CPU
		{EC1E0C56-0E73-41EF-BA8F-DEAEEE5BE9FF}.Release|Any CPU.ActiveCfg = Release|Any CPU
		{EC1E0C56-0E73-41EF-BA8F-DEAEEE5BE9FF}.Release|Any CPU.Build.0 = Release|Any CPU
		{78B23CB1-4FE2-42D2-BFB5-A6E4EC5C9EC0}.Debug|Any CPU.ActiveCfg = Debug|Any CPU
		{78B23CB1-4FE2-42D2-BFB5-A6E4EC5C9EC0}.Debug|Any CPU.Build.0 = Debug|Any CPU
		{78B23CB1-4FE2-42D2-BFB5-A6E4EC5C9EC0}.Release|Any CPU.ActiveCfg = Release|Any CPU
		{78B23CB1-4FE2-42D2-BFB5-A6E4EC5C9EC0}.Release|Any CPU.Build.0 = Release|Any CPU
		{8C740F0B-AE9C-416D-938E-8FECA62C3AA0}.Debug|Any CPU.ActiveCfg = Debug|Any CPU
		{8C740F0B-AE9C-416D-938E-8FECA62C3AA0}.Debug|Any CPU.Build.0 = Debug|Any CPU
		{8C740F0B-AE9C-416D-938E-8FECA62C3AA0}.Release|Any CPU.ActiveCfg = Release|Any CPU
		{8C740F0B-AE9C-416D-938E-8FECA62C3AA0}.Release|Any CPU.Build.0 = Release|Any CPU
		{BE02ABA1-75D2-47C2-B847-D5D9D97D9596}.Debug|Any CPU.ActiveCfg = Debug|Any CPU
		{BE02ABA1-75D2-47C2-B847-D5D9D97D9596}.Debug|Any CPU.Build.0 = Debug|Any CPU
		{BE02ABA1-75D2-47C2-B847-D5D9D97D9596}.Release|Any CPU.ActiveCfg = Release|Any CPU
		{BE02ABA1-75D2-47C2-B847-D5D9D97D9596}.Release|Any CPU.Build.0 = Release|Any CPU
	EndGlobalSection
	GlobalSection(NestedProjects) = preSolution
		{BE02ABA1-75D2-47C2-B847-D5D9D97D9596} = {D1298300-ABA9-4044-B243-AEB165770E1C}
		{8C740F0B-AE9C-416D-938E-8FECA62C3AA0} = {81096B23-2C7C-4A87-BC4D-DC58249F57B0}
		{C14A67DD-5148-4A6A-A083-41957EC9D7E0} = {81096B23-2C7C-4A87-BC4D-DC58249F57B0}
		{78B23CB1-4FE2-42D2-BFB5-A6E4EC5C9EC0} = {350A5AA6-90C4-48FD-B629-CB5C374FB9CB}
		{EC1E0C56-0E73-41EF-BA8F-DEAEEE5BE9FF} = {350A5AA6-90C4-48FD-B629-CB5C374FB9CB}
	EndGlobalSection
EndGlobal
